// !$*UTF8*$!
{
	archiveVersion = 1;
	classes = {
	};
	objectVersion = 48;
	objects = {

/* Begin PBXBuildFile section */
		457DB3C51FFA10C4006CE7EF /* AppDelegate.swift in Sources */ = {isa = PBXBuildFile; fileRef = 457DB3C41FFA10C4006CE7EF /* AppDelegate.swift */; };
		457DB3C71FFA10C4006CE7EF /* ViewController.swift in Sources */ = {isa = PBXBuildFile; fileRef = 457DB3C61FFA10C4006CE7EF /* ViewController.swift */; };
		457DB3CA1FFA10C4006CE7EF /* Main.storyboard in Resources */ = {isa = PBXBuildFile; fileRef = 457DB3C81FFA10C4006CE7EF /* Main.storyboard */; };
		457DB3CC1FFA10C4006CE7EF /* Assets.xcassets in Resources */ = {isa = PBXBuildFile; fileRef = 457DB3CB1FFA10C4006CE7EF /* Assets.xcassets */; };
		457DB3CF1FFA10C4006CE7EF /* LaunchScreen.storyboard in Resources */ = {isa = PBXBuildFile; fileRef = 457DB3CD1FFA10C4006CE7EF /* LaunchScreen.storyboard */; };
		4581455B1FFB411F008E5F2F /* Concentration.swift in Sources */ = {isa = PBXBuildFile; fileRef = 4581455A1FFB411F008E5F2F /* Concentration.swift */; };
		4581455D1FFB4360008E5F2F /* Card.swift in Sources */ = {isa = PBXBuildFile; fileRef = 4581455C1FFB4360008E5F2F /* Card.swift */; };
/* End PBXBuildFile section */

/* Begin PBXFileReference section */
		457DB3C11FFA10C4006CE7EF /* concentration.app */ = {isa = PBXFileReference; explicitFileType = wrapper.application; includeInIndex = 0; path = concentration.app; sourceTree = BUILT_PRODUCTS_DIR; };
		457DB3C41FFA10C4006CE7EF /* AppDelegate.swift */ = {isa = PBXFileReference; lastKnownFileType = sourcecode.swift; path = AppDelegate.swift; sourceTree = "<group>"; };
		457DB3C61FFA10C4006CE7EF /* ViewController.swift */ = {isa = PBXFileReference; lastKnownFileType = sourcecode.swift; path = ViewController.swift; sourceTree = "<group>"; };
		457DB3C91FFA10C4006CE7EF /* Base */ = {isa = PBXFileReference; lastKnownFileType = file.storyboard; name = Base; path = Base.lproj/Main.storyboard; sourceTree = "<group>"; };
		457DB3CB1FFA10C4006CE7EF /* Assets.xcassets */ = {isa = PBXFileReference; lastKnownFileType = folder.assetcatalog; path = Assets.xcassets; sourceTree = "<group>"; };
		457DB3CE1FFA10C4006CE7EF /* Base */ = {isa = PBXFileReference; lastKnownFileType = file.storyboard; name = Base; path = Base.lproj/LaunchScreen.storyboard; sourceTree = "<group>"; };
		457DB3D01FFA10C4006CE7EF /* Info.plist */ = {isa = PBXFileReference; lastKnownFileType = text.plist.xml; path = Info.plist; sourceTree = "<group>"; };
		4581455A1FFB411F008E5F2F /* Concentration.swift */ = {isa = PBXFileReference; lastKnownFileType = sourcecode.swift; path = Concentration.swift; sourceTree = "<group>"; };
		4581455C1FFB4360008E5F2F /* Card.swift */ = {isa = PBXFileReference; lastKnownFileType = sourcecode.swift; path = Card.swift; sourceTree = "<group>"; };
/* End PBXFileReference section */

/* Begin PBXFrameworksBuildPhase section */
		457DB3BE1FFA10C4006CE7EF /* Frameworks */ = {
			isa = PBXFrameworksBuildPhase;
			buildActionMask = 2147483647;
			files = (
			);
			runOnlyForDeploymentPostprocessing = 0;
		};
/* End PBXFrameworksBuildPhase section */

/* Begin PBXGroup section */
		457DB3B81FFA10C4006CE7EF = {
			isa = PBXGroup;
			children = (
				457DB3C31FFA10C4006CE7EF /* concentration */,
				457DB3C21FFA10C4006CE7EF /* Products */,
			);
			sourceTree = "<group>";
		};
		457DB3C21FFA10C4006CE7EF /* Products */ = {
			isa = PBXGroup;
			children = (
				457DB3C11FFA10C4006CE7EF /* concentration.app */,
			);
			name = Products;
			sourceTree = "<group>";
		};
		457DB3C31FFA10C4006CE7EF /* concentration */ = {
			isa = PBXGroup;
			children = (
				457DB3D71FFA127E006CE7EF /* Supporting Files */,
				457DB3C61FFA10C4006CE7EF /* ViewController.swift */,
				457DB3C81FFA10C4006CE7EF /* Main.storyboard */,
				457DB3D01FFA10C4006CE7EF /* Info.plist */,
				4581455A1FFB411F008E5F2F /* Concentration.swift */,
				4581455C1FFB4360008E5F2F /* Card.swift */,
			);
			path = concentration;
			sourceTree = "<group>";
		};
		457DB3D71FFA127E006CE7EF /* Supporting Files */ = {
			isa = PBXGroup;
			children = (
				457DB3C41FFA10C4006CE7EF /* AppDelegate.swift */,
				457DB3CB1FFA10C4006CE7EF /* Assets.xcassets */,
				457DB3CD1FFA10C4006CE7EF /* LaunchScreen.storyboard */,
			);
			path = "Supporting Files";
			sourceTree = "<group>";
		};
/* End PBXGroup section */

/* Begin PBXNativeTarget section */
		457DB3C01FFA10C4006CE7EF /* concentration */ = {
			isa = PBXNativeTarget;
			buildConfigurationList = 457DB3D31FFA10C4006CE7EF /* Build configuration list for PBXNativeTarget "concentration" */;
			buildPhases = (
				457DB3BD1FFA10C4006CE7EF /* Sources */,
				457DB3BE1FFA10C4006CE7EF /* Frameworks */,
				457DB3BF1FFA10C4006CE7EF /* Resources */,
			);
			buildRules = (
			);
			dependencies = (
			);
			name = concentration;
			productName = concentration;
			productReference = 457DB3C11FFA10C4006CE7EF /* concentration.app */;
			productType = "com.apple.product-type.application";
		};
/* End PBXNativeTarget section */

/* Begin PBXProject section */
		457DB3B91FFA10C4006CE7EF /* Project object */ = {
			isa = PBXProject;
			attributes = {
				LastSwiftUpdateCheck = 0920;
				LastUpgradeCheck = 0920;
				ORGANIZATIONNAME = "Scott Boesmiller";
				TargetAttributes = {
					457DB3C01FFA10C4006CE7EF = {
						CreatedOnToolsVersion = 9.2;
						ProvisioningStyle = Automatic;
					};
				};
			};
			buildConfigurationList = 457DB3BC1FFA10C4006CE7EF /* Build configuration list for PBXProject "concentration" */;
			compatibilityVersion = "Xcode 8.0";
			developmentRegion = en;
			hasScannedForEncodings = 0;
			knownRegions = (
				en,
				Base,
			);
			mainGroup = 457DB3B81FFA10C4006CE7EF;
			productRefGroup = 457DB3C21FFA10C4006CE7EF /* Products */;
			projectDirPath = "";
			projectRoot = "";
			targets = (
				457DB3C01FFA10C4006CE7EF /* concentration */,
			);
		};
/* End PBXProject section */

/* Begin PBXResourcesBuildPhase section */
		457DB3BF1FFA10C4006CE7EF /* Resources */ = {
			isa = PBXResourcesBuildPhase;
			buildActionMask = 2147483647;
			files = (
				457DB3CF1FFA10C4006CE7EF /* LaunchScreen.storyboard in Resources */,
				457DB3CC1FFA10C4006CE7EF /* Assets.xcassets in Resources */,
				457DB3CA1FFA10C4006CE7EF /* Main.storyboard in Resources */,
			);
			runOnlyForDeploymentPostprocessing = 0;
		};
/* End PBXResourcesBuildPhase section */

/* Begin PBXSourcesBuildPhase section */
		457DB3BD1FFA10C4006CE7EF /* Sources */ = {
			isa = PBXSourcesBuildPhase;
			buildActionMask = 2147483647;
			files = (
				457DB3C71FFA10C4006CE7EF /* ViewController.swift in Sources */,
				457DB3C51FFA10C4006CE7EF /* AppDelegate.swift in Sources */,
				4581455B1FFB411F008E5F2F /* Concentration.swift in Sources */,
				4581455D1FFB4360008E5F2F /* Card.swift in Sources */,
			);
			runOnlyForDeploymentPostprocessing = 0;
		};
/* End PBXSourcesBuildPhase section */

/* Begin PBXVariantGroup section */
		457DB3C81FFA10C4006CE7EF /* Main.storyboard */ = {
			isa = PBXVariantGroup;
			children = (
				457DB3C91FFA10C4006CE7EF /* Base */,
			);
			name = Main.storyboard;
			sourceTree = "<group>";
		};
		457DB3CD1FFA10C4006CE7EF /* LaunchScreen.storyboard */ = {
			isa = PBXVariantGroup;
			children = (
				457DB3CE1FFA10C4006CE7EF /* Base */,
			);
			name = LaunchScreen.storyboard;
			sourceTree = "<group>";
		};
/* End PBXVariantGroup section */

/* Begin XCBuildConfiguration section */
		457DB3D11FFA10C4006CE7EF /* Debug */ = {
			isa = XCBuildConfiguration;
			buildSettings = {
				ALWAYS_SEARCH_USER_PATHS = NO;
				CLANG_ANALYZER_NONNULL = YES;
				CLANG_ANALYZER_NUMBER_OBJECT_CONVERSION = YES_AGGRESSIVE;
				CLANG_CXX_LANGUAGE_STANDARD = "gnu++14";
				CLANG_CXX_LIBRARY = "libc++";
				CLANG_ENABLE_MODULES = YES;
				CLANG_ENABLE_OBJC_ARC = YES;
				CLANG_WARN_BLOCK_CAPTURE_AUTORELEASING = YES;
				CLANG_WARN_BOOL_CONVERSION = YES;
				CLANG_WARN_COMMA = YES;
				CLANG_WARN_CONSTANT_CONVERSION = YES;
				CLANG_WARN_DIRECT_OBJC_ISA_USAGE = YES_ERROR;
				CLANG_WARN_DOCUMENTATION_COMMENTS = YES;
				CLANG_WARN_EMPTY_BODY = YES;
				CLANG_WARN_ENUM_CONVERSION = YES;
				CLANG_WARN_INFINITE_RECURSION = YES;
				CLANG_WARN_INT_CONVERSION = YES;
				CLANG_WARN_NON_LITERAL_NULL_CONVERSION = YES;
				CLANG_WARN_OBJC_LITERAL_CONVERSION = YES;
				CLANG_WARN_OBJC_ROOT_CLASS = YES_ERROR;
				CLANG_WARN_RANGE_LOOP_ANALYSIS = YES;
				CLANG_WARN_STRICT_PROTOTYPES = YES;
				CLANG_WARN_SUSPICIOUS_MOVE = YES;
				CLANG_WARN_UNGUARDED_AVAILABILITY = YES_AGGRESSIVE;
				CLANG_WARN_UNREACHABLE_CODE = YES;
				CLANG_WARN__DUPLICATE_METHOD_MATCH = YES;
				CODE_SIGN_IDENTITY = "iPhone Developer";
				COPY_PHASE_STRIP = NO;
				DEBUG_INFORMATION_FORMAT = dwarf;
				ENABLE_STRICT_OBJC_MSGSEND = YES;
				ENABLE_TESTABILITY = YES;
				GCC_C_LANGUAGE_STANDARD = gnu11;
				GCC_DYNAMIC_NO_PIC = NO;
				GCC_NO_COMMON_BLOCKS = YES;
				GCC_OPTIMIZATION_LEVEL = 0;
				GCC_PREPROCESSOR_DEFINITIONS = (
					"DEBUG=1",
					"$(inherited)",
				);
				GCC_WARN_64_TO_32_BIT_CONVERSION = YES;
				GCC_WARN_ABOUT_RETURN_TYPE = YES_ERROR;
				GCC_WARN_UNDECLARED_SELECTOR = YES;
				GCC_WARN_UNINITIALIZED_AUTOS = YES_AGGRESSIVE;
				GCC_WARN_UNUSED_FUNCTION = YES;
				GCC_WARN_UNUSED_VARIABLE = YES;
				IPHONEOS_DEPLOYMENT_TARGET = 11.2;
				MTL_ENABLE_DEBUG_INFO = YES;
				ONLY_ACTIVE_ARCH = YES;
				SDKROOT = iphoneos;
				SWIFT_ACTIVE_COMPILATION_CONDITIONS = DEBUG;
				SWIFT_OPTIMIZATION_LEVEL = "-Onone";
			};
			name = Debug;
		};
		457DB3D21FFA10C4006CE7EF /* Release */ = {
			isa = XCBuildConfiguration;
			buildSettings = {
				ALWAYS_SEARCH_USER_PATHS = NO;
				CLANG_ANALYZER_NONNULL = YES;
				CLANG_ANALYZER_NUMBER_OBJECT_CONVERSION = YES_AGGRESSIVE;
				CLANG_CXX_LANGUAGE_STANDARD = "gnu++14";
				CLANG_CXX_LIBRARY = "libc++";
				CLANG_ENABLE_MODULES = YES;
				CLANG_ENABLE_OBJC_ARC = YES;
				CLANG_WARN_BLOCK_CAPTURE_AUTORELEASING = YES;
				CLANG_WARN_BOOL_CONVERSION = YES;
				CLANG_WARN_COMMA = YES;
				CLANG_WARN_CONSTANT_CONVERSION = YES;
				CLANG_WARN_DIRECT_OBJC_ISA_USAGE = YES_ERROR;
				CLANG_WARN_DOCUMENTATION_COMMENTS = YES;
				CLANG_WARN_EMPTY_BODY = YES;
				CLANG_WARN_ENUM_CONVERSION = YES;
				CLANG_WARN_INFINITE_RECURSION = YES;
				CLANG_WARN_INT_CONVERSION = YES;
				CLANG_WARN_NON_LITERAL_NULL_CONVERSION = YES;
				CLANG_WARN_OBJC_LITERAL_CONVERSION = YES;
				CLANG_WARN_OBJC_ROOT_CLASS = YES_ERROR;
				CLANG_WARN_RANGE_LOOP_ANALYSIS = YES;
				CLANG_WARN_STRICT_PROTOTYPES = YES;
				CLANG_WARN_SUSPICIOUS_MOVE = YES;
				CLANG_WARN_UNGUARDED_AVAILABILITY = YES_AGGRESSIVE;
				CLANG_WARN_UNREACHABLE_CODE = YES;
				CLANG_WARN__DUPLICATE_METHOD_MATCH = YES;
				CODE_SIGN_IDENTITY = "iPhone Developer";
				COPY_PHASE_STRIP = NO;
				DEBUG_INFORMATION_FORMAT = "dwarf-with-dsym";
				ENABLE_NS_ASSERTIONS = NO;
				ENABLE_STRICT_OBJC_MSGSEND = YES;
				GCC_C_LANGUAGE_STANDARD = gnu11;
				GCC_NO_COMMON_BLOCKS = YES;
				GCC_WARN_64_TO_32_BIT_CONVERSION = YES;
				GCC_WARN_ABOUT_RETURN_TYPE = YES_ERROR;
				GCC_WARN_UNDECLARED_SELECTOR = YES;
				GCC_WARN_UNINITIALIZED_AUTOS = YES_AGGRESSIVE;
				GCC_WARN_UNUSED_FUNCTION = YES;
				GCC_WARN_UNUSED_VARIABLE = YES;
				IPHONEOS_DEPLOYMENT_TARGET = 11.2;
				MTL_ENABLE_DEBUG_INFO = NO;
				SDKROOT = iphoneos;
				SWIFT_OPTIMIZATION_LEVEL = "-Owholemodule";
				VALIDATE_PRODUCT = YES;
			};
			name = Release;
		};
		457DB3D41FFA10C4006CE7EF /* Debug */ = {
			isa = XCBuildConfiguration;
			buildSettings = {
				ASSETCATALOG_COMPILER_APPICON_NAME = AppIcon;
				CODE_SIGN_STYLE = Automatic;
				DEVELOPMENT_TEAM = 3S39HL6WAF;
				INFOPLIST_FILE = concentration/Info.plist;
				LD_RUNPATH_SEARCH_PATHS = "$(inherited) @executable_path/Frameworks";
				PRODUCT_BUNDLE_IDENTIFIER = "Scott-Boesmiller.concentration";
				PRODUCT_NAME = "$(TARGET_NAME)";
				SWIFT_VERSION = 4.0;
				TARGETED_DEVICE_FAMILY = "1,2";
			};
			name = Debug;
		};
		457DB3D51FFA10C4006CE7EF /* Release */ = {
			isa = XCBuildConfiguration;
			buildSettings = {
				ASSETCATALOG_COMPILER_APPICON_NAME = AppIcon;
				CODE_SIGN_STYLE = Automatic;
				DEVELOPMENT_TEAM = 3S39HL6WAF;
				INFOPLIST_FILE = concentration/Info.plist;
				LD_RUNPATH_SEARCH_PATHS = "$(inherited) @executable_path/Frameworks";
				PRODUCT_BUNDLE_IDENTIFIER = "Scott-Boesmiller.concentration";
				PRODUCT_NAME = "$(TARGET_NAME)";
				SWIFT_VERSION = 4.0;
				TARGETED_DEVICE_FAMILY = "1,2";
			};
			name = Release;
		};
/* End XCBuildConfiguration section */

/* Begin XCConfigurationList section */
		457DB3BC1FFA10C4006CE7EF /* Build configuration list for PBXProject "concentration" */ = {
			isa = XCConfigurationList;
			buildConfigurations = (
				457DB3D11FFA10C4006CE7EF /* Debug */,
				457DB3D21FFA10C4006CE7EF /* Release */,
			);
			defaultConfigurationIsVisible = 0;
			defaultConfigurationName = Release;
		};
		457DB3D31FFA10C4006CE7EF /* Build configuration list for PBXNativeTarget "concentration" */ = {
			isa = XCConfigurationList;
			buildConfigurations = (
				457DB3D41FFA10C4006CE7EF /* Debug */,
				457DB3D51FFA10C4006CE7EF /* Release */,
			);
			defaultConfigurationIsVisible = 0;
			defaultConfigurationName = Release;
		};
/* End XCConfigurationList section */
	};
	rootObject = 457DB3B91FFA10C4006CE7EF /* Project object */;
}
